
Microsoft Visual Studio Solution File, Format Version 12.00
# Visual Studio Version 16
VisualStudioVersion = 16.0.34031.81
MinimumVisualStudioVersion = 10.0.40219.1
Project("{2150E333-8FDC-42A3-9474-1A3956D46DE8}") = "Task0", "Task0", "{D3B8CC5F-827D-466B-BADA-743C597CEB1E}"
EndProject
Project("{FAE04EC0-301F-11D3-BF4B-00C04F79EFBC}") = "Tyuiu.DragomeretskiyED.Sprint5.Task0.V3", "Tyuiu.DragomeretskiyED.Sprint5.Task0.V3\Tyuiu.DragomeretskiyED.Sprint5.Task0.V3.csproj", "{553BDD21-82DA-4D67-9CDD-C8D544B913A7}"
EndProject
Project("{FAE04EC0-301F-11D3-BF4B-00C04F79EFBC}") = "Tyuiu.DragomeretskiyED.Sprint5.Task0.V3.Lib", "Tyuiu.DragomeretskiyED.Sprint5.Task0.V3.Lib\Tyuiu.DragomeretskiyED.Sprint5.Task0.V3.Lib.csproj", "{8D89EFCA-3AAE-4400-8A16-EF8DA3104EDB}"
EndProject
Project("{FAE04EC0-301F-11D3-BF4B-00C04F79EFBC}") = "Tyuiu.DragomeretskiyED.Sprint5.Task0.V3.Test", "Tyuiu.DragomeretskiyED.Sprint5.Task0.V3.Test\Tyuiu.DragomeretskiyED.Sprint5.Task0.V3.Test.csproj", "{7A5D279E-A8D4-48BF-B46C-233122573910}"
EndProject
Project("{2150E333-8FDC-42A3-9474-1A3956D46DE8}") = "Task1", "Task1", "{0CF5CABD-C935-4A11-BA82-ECB175BA9EAD}"
EndProject
Project("{FAE04EC0-301F-11D3-BF4B-00C04F79EFBC}") = "Tyuiu.DragomeretskiyED.Sprint5.Task1.V11", "Tyuiu.DragomeretskiyED.Sprint5.Task1.V11\Tyuiu.DragomeretskiyED.Sprint5.Task1.V11.csproj", "{BD377802-80F6-4DB4-B3B4-556A69E2A2BD}"
EndProject
Project("{FAE04EC0-301F-11D3-BF4B-00C04F79EFBC}") = "Tyuiu.DragomeretskiyED.Sprint5.Task1.V11.Lib", "Tyuiu.DragomeretskiyED.Sprint5.Task1.V11.Lib\Tyuiu.DragomeretskiyED.Sprint5.Task1.V11.Lib.csproj", "{9C824365-CF7D-42C7-9C89-C5C06562B540}"
EndProject
Project("{FAE04EC0-301F-11D3-BF4B-00C04F79EFBC}") = "Tyuiu.DragomeretskiyED.Sprint5.Task1.V11.Test", "Tyuiu.DragomeretskiyED.Sprint5.Task1.V11.Test\Tyuiu.DragomeretskiyED.Sprint5.Task1.V11.Test.csproj", "{4E259DCC-A6D7-49CC-8637-2C01EEE0C127}"
EndProject
Project("{2150E333-8FDC-42A3-9474-1A3956D46DE8}") = "Task2", "Task2", "{8C10E192-EEF5-475B-A5BE-043FAB977FF5}"
EndProject
Project("{FAE04EC0-301F-11D3-BF4B-00C04F79EFBC}") = "Tyuiu.DragomeretskiyED.Sprint5.Task2.V24", "Tyuiu.DragomeretskiyED.Sprint5.Task2.V24\Tyuiu.DragomeretskiyED.Sprint5.Task2.V24.csproj", "{BA8FF625-E7AE-4014-A860-7CF847B68BFE}"
EndProject
Project("{FAE04EC0-301F-11D3-BF4B-00C04F79EFBC}") = "Tyuiu.DragomeretskiyED.Sprint5.Task2.V24.Lib", "Tyuiu.DragomeretskiyED.Sprint5.Task2.V24.Lib\Tyuiu.DragomeretskiyED.Sprint5.Task2.V24.Lib.csproj", "{7BB9E720-C01F-4AA8-9231-EF2D18904A88}"
EndProject
Project("{FAE04EC0-301F-11D3-BF4B-00C04F79EFBC}") = "Tyuiu.DragomeretskiyED.Sprint5.Task2.V24.Test", "Tyuiu.DragomeretskiyED.Sprint5.Task2.V24.Test\Tyuiu.DragomeretskiyED.Sprint5.Task2.V24.Test.csproj", "{21D9FA96-2222-40F0-8798-12EB1E384058}"
EndProject
Project("{2150E333-8FDC-42A3-9474-1A3956D46DE8}") = "Task3", "Task3", "{3AD86786-6640-4782-B9C0-E2C0F0E34B93}"
EndProject
Project("{FAE04EC0-301F-11D3-BF4B-00C04F79EFBC}") = "Tyuiu.DragomeretskiyED.Sprint5.Task3.V12", "Tyuiu.DragomeretskiyED.Sprint5.Task3.V12\Tyuiu.DragomeretskiyED.Sprint5.Task3.V12.csproj", "{832CAF41-5453-49EC-A9F4-A031A7CC2D3A}"
EndProject
Project("{FAE04EC0-301F-11D3-BF4B-00C04F79EFBC}") = "Tyuiu.DragomeretskiyED.Sprint5.Task3.V12.Lib", "Tyuiu.DragomeretskiyED.Sprint5.Task3.V12.Lib\Tyuiu.DragomeretskiyED.Sprint5.Task3.V12.Lib.csproj", "{B7474B77-4A9A-46AF-8BA1-5A419F5DC4A6}"
EndProject
Project("{FAE04EC0-301F-11D3-BF4B-00C04F79EFBC}") = "Tyuiu.DragomeretskiyED.Sprint5.Task3.V12.Test", "Tyuiu.DragomeretskiyED.Sprint5.Task3.V12.Test\Tyuiu.DragomeretskiyED.Sprint5.Task3.V12.Test.csproj", "{D069D360-3F72-4292-9F9D-CC66E63E0627}"
EndProject
Project("{2150E333-8FDC-42A3-9474-1A3956D46DE8}") = "Task4", "Task4", "{809E7603-C70D-408B-8BB9-E5ED0C5C6DB3}"
EndProject
Project("{FAE04EC0-301F-11D3-BF4B-00C04F79EFBC}") = "Tyuiu.DragomeretskiyED.Sprint5.Task4.V26", "Tyuiu.DragomeretskiyED.Sprint5.Task4.V26\Tyuiu.DragomeretskiyED.Sprint5.Task4.V26.csproj", "{694482E3-25AE-436B-9008-540B6BD6610F}"
EndProject
Project("{FAE04EC0-301F-11D3-BF4B-00C04F79EFBC}") = "Tyuiu.DragomeretskiyED.Sprint5.Task4.V26.Lib", "Tyuiu.DragomeretskiyED.Sprint5.Task4.V26.Lib\Tyuiu.DragomeretskiyED.Sprint5.Task4.V26.Lib.csproj", "{6C75F87F-9305-4B92-B168-5CFBB37FD575}"
EndProject
Project("{FAE04EC0-301F-11D3-BF4B-00C04F79EFBC}") = "Tyuiu.DragomeretskiyED.Sprint5.Task4.V26.Test", "Tyuiu.DragomeretskiyED.Sprint5.Task4.V26.Test\Tyuiu.DragomeretskiyED.Sprint5.Task4.V26.Test.csproj", "{8913B178-2770-4990-BD4A-F00EFC2442A1}"
EndProject
Project("{2150E333-8FDC-42A3-9474-1A3956D46DE8}") = "Task5", "Task5", "{0D97B5B3-7B39-4193-A948-1419AD0A7C81}"
EndProject
Project("{FAE04EC0-301F-11D3-BF4B-00C04F79EFBC}") = "Tyuiu.DragomeretskiyED.Sprint5.Task5.V11", "Tyuiu.DragomeretskiyED.Sprint5.Task5.V11\Tyuiu.DragomeretskiyED.Sprint5.Task5.V11.csproj", "{656C8591-E8D3-43B6-937C-CDC37164A57B}"
EndProject
Project("{FAE04EC0-301F-11D3-BF4B-00C04F79EFBC}") = "Tyuiu.DragomeretskiyED.Sprint5.Task5.V11.Lib", "Tyuiu.DragomeretskiyED.Sprint5.Task5.V11.Lib\Tyuiu.DragomeretskiyED.Sprint5.Task5.V11.Lib.csproj", "{BEEBB06D-0894-497A-931A-54A920050A9F}"
EndProject
Project("{FAE04EC0-301F-11D3-BF4B-00C04F79EFBC}") = "Tyuiu.DragomeretskiyED.Sprint5.Task5.V11.Test", "Tyuiu.DragomeretskiyED.Sprint5.Task5.V11.Test\Tyuiu.DragomeretskiyED.Sprint5.Task5.V11.Test.csproj", "{5370BF4C-04AA-41ED-B618-8376743ED01A}"
EndProject
Project("{2150E333-8FDC-42A3-9474-1A3956D46DE8}") = "Task6", "Task6", "{C942B3D9-5FDC-431D-B1BC-5A68ECFC576F}"
EndProject
Project("{FAE04EC0-301F-11D3-BF4B-00C04F79EFBC}") = "Tyuiu.DragomeretskiyED.Sprint5.Task6.V20", "Tyuiu.DragomeretskiyED.Sprint5.Task6.V20\Tyuiu.DragomeretskiyED.Sprint5.Task6.V20.csproj", "{A8B2A3E4-2505-46D2-95FE-7881EBB55316}"
EndProject
Project("{FAE04EC0-301F-11D3-BF4B-00C04F79EFBC}") = "Tyuiu.DragomeretskiyED.Sprint5.Task6.V20.Lib", "Tyuiu.DragomeretskiyED.Sprint5.Task6.V20.Lib\Tyuiu.DragomeretskiyED.Sprint5.Task6.V20.Lib.csproj", "{9580C2F4-BE4B-4D89-9BCA-367A97445255}"
EndProject
Project("{FAE04EC0-301F-11D3-BF4B-00C04F79EFBC}") = "Tyuiu.DragomeretskiyED.Sprint5.Task6.V20.Test", "Tyuiu.DragomeretskiyED.Sprint5.Task6.V20.Test\Tyuiu.DragomeretskiyED.Sprint5.Task6.V20.Test.csproj", "{13B8E711-DEF5-4E64-95C9-90D7DDEAC462}"
EndProject
Global
	GlobalSection(SolutionConfigurationPlatforms) = preSolution
		Debug|Any CPU = Debug|Any CPU
		Release|Any CPU = Release|Any CPU
	EndGlobalSection
	GlobalSection(ProjectConfigurationPlatforms) = postSolution
		{553BDD21-82DA-4D67-9CDD-C8D544B913A7}.Debug|Any CPU.ActiveCfg = Debug|Any CPU
		{553BDD21-82DA-4D67-9CDD-C8D544B913A7}.Debug|Any CPU.Build.0 = Debug|Any CPU
		{553BDD21-82DA-4D67-9CDD-C8D544B913A7}.Release|Any CPU.ActiveCfg = Release|Any CPU
		{553BDD21-82DA-4D67-9CDD-C8D544B913A7}.Release|Any CPU.Build.0 = Release|Any CPU
		{8D89EFCA-3AAE-4400-8A16-EF8DA3104EDB}.Debug|Any CPU.ActiveCfg = Debug|Any CPU
		{8D89EFCA-3AAE-4400-8A16-EF8DA3104EDB}.Debug|Any CPU.Build.0 = Debug|Any CPU
		{8D89EFCA-3AAE-4400-8A16-EF8DA3104EDB}.Release|Any CPU.ActiveCfg = Release|Any CPU
		{8D89EFCA-3AAE-4400-8A16-EF8DA3104EDB}.Release|Any CPU.Build.0 = Release|Any CPU
		{7A5D279E-A8D4-48BF-B46C-233122573910}.Debug|Any CPU.ActiveCfg = Debug|Any CPU
		{7A5D279E-A8D4-48BF-B46C-233122573910}.Debug|Any CPU.Build.0 = Debug|Any CPU
		{7A5D279E-A8D4-48BF-B46C-233122573910}.Release|Any CPU.ActiveCfg = Release|Any CPU
		{7A5D279E-A8D4-48BF-B46C-233122573910}.Release|Any CPU.Build.0 = Release|Any CPU
		{BD377802-80F6-4DB4-B3B4-556A69E2A2BD}.Debug|Any CPU.ActiveCfg = Debug|Any CPU
		{BD377802-80F6-4DB4-B3B4-556A69E2A2BD}.Debug|Any CPU.Build.0 = Debug|Any CPU
		{BD377802-80F6-4DB4-B3B4-556A69E2A2BD}.Release|Any CPU.ActiveCfg = Release|Any CPU
		{BD377802-80F6-4DB4-B3B4-556A69E2A2BD}.Release|Any CPU.Build.0 = Release|Any CPU
		{9C824365-CF7D-42C7-9C89-C5C06562B540}.Debug|Any CPU.ActiveCfg = Debug|Any CPU
		{9C824365-CF7D-42C7-9C89-C5C06562B540}.Debug|Any CPU.Build.0 = Debug|Any CPU
		{9C824365-CF7D-42C7-9C89-C5C06562B540}.Release|Any CPU.ActiveCfg = Release|Any CPU
		{9C824365-CF7D-42C7-9C89-C5C06562B540}.Release|Any CPU.Build.0 = Release|Any CPU
		{4E259DCC-A6D7-49CC-8637-2C01EEE0C127}.Debug|Any CPU.ActiveCfg = Debug|Any CPU
		{4E259DCC-A6D7-49CC-8637-2C01EEE0C127}.Debug|Any CPU.Build.0 = Debug|Any CPU
		{4E259DCC-A6D7-49CC-8637-2C01EEE0C127}.Release|Any CPU.ActiveCfg = Release|Any CPU
		{4E259DCC-A6D7-49CC-8637-2C01EEE0C127}.Release|Any CPU.Build.0 = Release|Any CPU
		{BA8FF625-E7AE-4014-A860-7CF847B68BFE}.Debug|Any CPU.ActiveCfg = Debug|Any CPU
		{BA8FF625-E7AE-4014-A860-7CF847B68BFE}.Debug|Any CPU.Build.0 = Debug|Any CPU
		{BA8FF625-E7AE-4014-A860-7CF847B68BFE}.Release|Any CPU.ActiveCfg = Release|Any CPU
		{BA8FF625-E7AE-4014-A860-7CF847B68BFE}.Release|Any CPU.Build.0 = Release|Any CPU
		{7BB9E720-C01F-4AA8-9231-EF2D18904A88}.Debug|Any CPU.ActiveCfg = Debug|Any CPU
		{7BB9E720-C01F-4AA8-9231-EF2D18904A88}.Debug|Any CPU.Build.0 = Debug|Any CPU
		{7BB9E720-C01F-4AA8-9231-EF2D18904A88}.Release|Any CPU.ActiveCfg = Release|Any CPU
		{7BB9E720-C01F-4AA8-9231-EF2D18904A88}.Release|Any CPU.Build.0 = Release|Any CPU
		{21D9FA96-2222-40F0-8798-12EB1E384058}.Debug|Any CPU.ActiveCfg = Debug|Any CPU
		{21D9FA96-2222-40F0-8798-12EB1E384058}.Debug|Any CPU.Build.0 = Debug|Any CPU
		{21D9FA96-2222-40F0-8798-12EB1E384058}.Release|Any CPU.ActiveCfg = Release|Any CPU
		{21D9FA96-2222-40F0-8798-12EB1E384058}.Release|Any CPU.Build.0 = Release|Any CPU
		{832CAF41-5453-49EC-A9F4-A031A7CC2D3A}.Debug|Any CPU.ActiveCfg = Debug|Any CPU
		{832CAF41-5453-49EC-A9F4-A031A7CC2D3A}.Debug|Any CPU.Build.0 = Debug|Any CPU
		{832CAF41-5453-49EC-A9F4-A031A7CC2D3A}.Release|Any CPU.ActiveCfg = Release|Any CPU
		{832CAF41-5453-49EC-A9F4-A031A7CC2D3A}.Release|Any CPU.Build.0 = Release|Any CPU
		{B7474B77-4A9A-46AF-8BA1-5A419F5DC4A6}.Debug|Any CPU.ActiveCfg = Debug|Any CPU
		{B7474B77-4A9A-46AF-8BA1-5A419F5DC4A6}.Debug|Any CPU.Build.0 = Debug|Any CPU
		{B7474B77-4A9A-46AF-8BA1-5A419F5DC4A6}.Release|Any CPU.ActiveCfg = Release|Any CPU
		{B7474B77-4A9A-46AF-8BA1-5A419F5DC4A6}.Release|Any CPU.Build.0 = Release|Any CPU
		{D069D360-3F72-4292-9F9D-CC66E63E0627}.Debug|Any CPU.ActiveCfg = Debug|Any CPU
		{D069D360-3F72-4292-9F9D-CC66E63E0627}.Debug|Any CPU.Build.0 = Debug|Any CPU
		{D069D360-3F72-4292-9F9D-CC66E63E0627}.Release|Any CPU.ActiveCfg = Release|Any CPU
		{D069D360-3F72-4292-9F9D-CC66E63E0627}.Release|Any CPU.Build.0 = Release|Any CPU
		{694482E3-25AE-436B-9008-540B6BD6610F}.Debug|Any CPU.ActiveCfg = Debug|Any CPU
		{694482E3-25AE-436B-9008-540B6BD6610F}.Debug|Any CPU.Build.0 = Debug|Any CPU
		{694482E3-25AE-436B-9008-540B6BD6610F}.Release|Any CPU.ActiveCfg = Release|Any CPU
		{694482E3-25AE-436B-9008-540B6BD6610F}.Release|Any CPU.Build.0 = Release|Any CPU
		{6C75F87F-9305-4B92-B168-5CFBB37FD575}.Debug|Any CPU.ActiveCfg = Debug|Any CPU
		{6C75F87F-9305-4B92-B168-5CFBB37FD575}.Debug|Any CPU.Build.0 = Debug|Any CPU
		{6C75F87F-9305-4B92-B168-5CFBB37FD575}.Release|Any CPU.ActiveCfg = Release|Any CPU
		{6C75F87F-9305-4B92-B168-5CFBB37FD575}.Release|Any CPU.Build.0 = Release|Any CPU
		{8913B178-2770-4990-BD4A-F00EFC2442A1}.Debug|Any CPU.ActiveCfg = Debug|Any CPU
		{8913B178-2770-4990-BD4A-F00EFC2442A1}.Debug|Any CPU.Build.0 = Debug|Any CPU
		{8913B178-2770-4990-BD4A-F00EFC2442A1}.Release|Any CPU.ActiveCfg = Release|Any CPU
		{8913B178-2770-4990-BD4A-F00EFC2442A1}.Release|Any CPU.Build.0 = Release|Any CPU
		{656C8591-E8D3-43B6-937C-CDC37164A57B}.Debug|Any CPU.ActiveCfg = Debug|Any CPU
		{656C8591-E8D3-43B6-937C-CDC37164A57B}.Debug|Any CPU.Build.0 = Debug|Any CPU
		{656C8591-E8D3-43B6-937C-CDC37164A57B}.Release|Any CPU.ActiveCfg = Release|Any CPU
		{656C8591-E8D3-43B6-937C-CDC37164A57B}.Release|Any CPU.Build.0 = Release|Any CPU
		{BEEBB06D-0894-497A-931A-54A920050A9F}.Debug|Any CPU.ActiveCfg = Debug|Any CPU
		{BEEBB06D-0894-497A-931A-54A920050A9F}.Debug|Any CPU.Build.0 = Debug|Any CPU
		{BEEBB06D-0894-497A-931A-54A920050A9F}.Release|Any CPU.ActiveCfg = Release|Any CPU
		{BEEBB06D-0894-497A-931A-54A920050A9F}.Release|Any CPU.Build.0 = Release|Any CPU
		{5370BF4C-04AA-41ED-B618-8376743ED01A}.Debug|Any CPU.ActiveCfg = Debug|Any CPU
		{5370BF4C-04AA-41ED-B618-8376743ED01A}.Debug|Any CPU.Build.0 = Debug|Any CPU
		{5370BF4C-04AA-41ED-B618-8376743ED01A}.Release|Any CPU.ActiveCfg = Release|Any CPU
		{5370BF4C-04AA-41ED-B618-8376743ED01A}.Release|Any CPU.Build.0 = Release|Any CPU
		{A8B2A3E4-2505-46D2-95FE-7881EBB55316}.Debug|Any CPU.ActiveCfg = Debug|Any CPU
		{A8B2A3E4-2505-46D2-95FE-7881EBB55316}.Debug|Any CPU.Build.0 = Debug|Any CPU
		{A8B2A3E4-2505-46D2-95FE-7881EBB55316}.Release|Any CPU.ActiveCfg = Release|Any CPU
		{A8B2A3E4-2505-46D2-95FE-7881EBB55316}.Release|Any CPU.Build.0 = Release|Any CPU
		{9580C2F4-BE4B-4D89-9BCA-367A97445255}.Debug|Any CPU.ActiveCfg = Debug|Any CPU
		{9580C2F4-BE4B-4D89-9BCA-367A97445255}.Debug|Any CPU.Build.0 = Debug|Any CPU
		{9580C2F4-BE4B-4D89-9BCA-367A97445255}.Release|Any CPU.ActiveCfg = Release|Any CPU
		{9580C2F4-BE4B-4D89-9BCA-367A97445255}.Release|Any CPU.Build.0 = Release|Any CPU
		{13B8E711-DEF5-4E64-95C9-90D7DDEAC462}.Debug|Any CPU.ActiveCfg = Debug|Any CPU
		{13B8E711-DEF5-4E64-95C9-90D7DDEAC462}.Debug|Any CPU.Build.0 = Debug|Any CPU
		{13B8E711-DEF5-4E64-95C9-90D7DDEAC462}.Release|Any CPU.ActiveCfg = Release|Any CPU
		{13B8E711-DEF5-4E64-95C9-90D7DDEAC462}.Release|Any CPU.Build.0 = Release|Any CPU
	EndGlobalSection
	GlobalSection(SolutionProperties) = preSolution
		HideSolutionNode = FALSE
	EndGlobalSection
	GlobalSection(NestedProjects) = preSolution
		{553BDD21-82DA-4D67-9CDD-C8D544B913A7} = {D3B8CC5F-827D-466B-BADA-743C597CEB1E}
		{8D89EFCA-3AAE-4400-8A16-EF8DA3104EDB} = {D3B8CC5F-827D-466B-BADA-743C597CEB1E}
		{7A5D279E-A8D4-48BF-B46C-233122573910} = {D3B8CC5F-827D-466B-BADA-743C597CEB1E}
		{BD377802-80F6-4DB4-B3B4-556A69E2A2BD} = {0CF5CABD-C935-4A11-BA82-ECB175BA9EAD}
		{9C824365-CF7D-42C7-9C89-C5C06562B540} = {0CF5CABD-C935-4A11-BA82-ECB175BA9EAD}
		{4E259DCC-A6D7-49CC-8637-2C01EEE0C127} = {0CF5CABD-C935-4A11-BA82-ECB175BA9EAD}
		{BA8FF625-E7AE-4014-A860-7CF847B68BFE} = {8C10E192-EEF5-475B-A5BE-043FAB977FF5}
		{7BB9E720-C01F-4AA8-9231-EF2D18904A88} = {8C10E192-EEF5-475B-A5BE-043FAB977FF5}
		{21D9FA96-2222-40F0-8798-12EB1E384058} = {8C10E192-EEF5-475B-A5BE-043FAB977FF5}
		{832CAF41-5453-49EC-A9F4-A031A7CC2D3A} = {3AD86786-6640-4782-B9C0-E2C0F0E34B93}
		{B7474B77-4A9A-46AF-8BA1-5A419F5DC4A6} = {3AD86786-6640-4782-B9C0-E2C0F0E34B93}
		{D069D360-3F72-4292-9F9D-CC66E63E0627} = {3AD86786-6640-4782-B9C0-E2C0F0E34B93}
		{694482E3-25AE-436B-9008-540B6BD6610F} = {809E7603-C70D-408B-8BB9-E5ED0C5C6DB3}
		{6C75F87F-9305-4B92-B168-5CFBB37FD575} = {809E7603-C70D-408B-8BB9-E5ED0C5C6DB3}
		{8913B178-2770-4990-BD4A-F00EFC2442A1} = {809E7603-C70D-408B-8BB9-E5ED0C5C6DB3}
		{656C8591-E8D3-43B6-937C-CDC37164A57B} = {0D97B5B3-7B39-4193-A948-1419AD0A7C81}
		{BEEBB06D-0894-497A-931A-54A920050A9F} = {0D97B5B3-7B39-4193-A948-1419AD0A7C81}
		{5370BF4C-04AA-41ED-B618-8376743ED01A} = {0D97B5B3-7B39-4193-A948-1419AD0A7C81}
		{A8B2A3E4-2505-46D2-95FE-7881EBB55316} = {C942B3D9-5FDC-431D-B1BC-5A68ECFC576F}
		{9580C2F4-BE4B-4D89-9BCA-367A97445255} = {C942B3D9-5FDC-431D-B1BC-5A68ECFC576F}
		{13B8E711-DEF5-4E64-95C9-90D7DDEAC462} = {C942B3D9-5FDC-431D-B1BC-5A68ECFC576F}
	EndGlobalSection
	GlobalSection(ExtensibilityGlobals) = postSolution
		SolutionGuid = {F009BD62-D093-409E-8792-3F60A1A40D67}
	EndGlobalSection
EndGlobal
